{
  "name": "potreetest.github.io",
  "version": "1.0.0",
  "lockfileVersion": 2,
  "requires": true,
  "packages": {
    "": {
      "name": "potreetest.github.io",
      "version": "1.0.0",
      "license": "MIT",
      "dependencies": {
        "potree-core": "^2.0.3",
        "three": "^0.149.0"
      },
      "devDependencies": {
        "rollup": "^3.12.1"
      }
    },
    "node_modules/fsevents": {
      "version": "2.3.2",
      "resolved": "https://registry.npmjs.org/fsevents/-/fsevents-2.3.2.tgz",
      "integrity": "sha512-xiqMQR4xAeHTuB9uWm+fFRcIOgKBMiOBP+eXiyT7jsgVCq1bkVygt00oASowB7EdtpOHaaPgKt812P9ab+DDKA==",
      "dev": true,
      "hasInstallScript": true,
      "optional": true,
      "os": [
        "darwin"
      ],
      "engines": {
        "node": "^8.16.0 || ^10.6.0 || >=11.0.0"
      }
    },
    "node_modules/potree-core": {
      "version": "2.0.3",
      "resolved": "https://registry.npmjs.org/potree-core/-/potree-core-2.0.3.tgz",
      "integrity": "sha512-XxIwMcra84uBLgAQ0a0jM2tF4JK5efdVvgyBER8Tatpt0maxf5TfvJaHuSnCtDsRYQmojSRUAoVYCAiTh0enww==",
      "peerDependencies": {
        "three": ">0.120.0"
      }
    },
    "node_modules/rollup": {
      "version": "3.12.1",
      "resolved": "https://registry.npmjs.org/rollup/-/rollup-3.12.1.tgz",
      "integrity": "sha512-t9elERrz2i4UU9z7AwISj3CQcXP39cWxgRWLdf4Tm6aKm1eYrqHIgjzXBgb67GNY1sZckTFFi0oMozh3/S++Ig==",
      "dev": true,
      "bin": {
        "rollup": "dist/bin/rollup"
      },
      "engines": {
        "node": ">=14.18.0",
        "npm": ">=8.0.0"
      },
      "optionalDependencies": {
        "fsevents": "~2.3.2"
      }
    },
    "node_modules/three": {
      "version": "0.149.0",
      "resolved": "https://registry.npmjs.org/three/-/three-0.149.0.tgz",
      "integrity": "sha512-tohpUxPDht0qExRLDTM8sjRLc5d9STURNrdnK3w9A+V4pxaTBfKWWT/IqtiLfg23Vfc3Z+ImNfvRw1/0CtxrkQ=="
    }
  },
  "dependencies": {
    "fsevents": {
      "version": "2.3.2",
      "resolved": "https://registry.npmjs.org/fsevents/-/fsevents-2.3.2.tgz",
      "integrity": "sha512-xiqMQR4xAeHTuB9uWm+fFRcIOgKBMiOBP+eXiyT7jsgVCq1bkVygt00oASowB7EdtpOHaaPgKt812P9ab+DDKA==",
      "dev": true,
      "optional": true
    },
    "potree-core": {
      "version": "2.0.3",
      "resolved": "https://registry.npmjs.org/potree-core/-/potree-core-2.0.3.tgz",
      "integrity": "sha512-XxIwMcra84uBLgAQ0a0jM2tF4JK5efdVvgyBER8Tatpt0maxf5TfvJaHuSnCtDsRYQmojSRUAoVYCAiTh0enww==",
      "requires": {}
    },
    "rollup": {
      "version": "3.12.1",
      "resolved": "https://registry.npmjs.org/rollup/-/rollup-3.12.1.tgz",
      "integrity": "sha512-t9elERrz2i4UU9z7AwISj3CQcXP39cWxgRWLdf4Tm6aKm1eYrqHIgjzXBgb67GNY1sZckTFFi0oMozh3/S++Ig==",
      "dev": true,
      "requires": {
        "fsevents": "~2.3.2"
      }
    },
    "three": {
      "version": "0.149.0",
      "resolved": "https://registry.npmjs.org/three/-/three-0.149.0.tgz",
      "integrity": "sha512-tohpUxPDht0qExRLDTM8sjRLc5d9STURNrdnK3w9A+V4pxaTBfKWWT/IqtiLfg23Vfc3Z+ImNfvRw1/0CtxrkQ=="
    }
  }
}
